version = 1
requires-python = ">=3.9"

[[package]]
name = "tree-sitter"
version = "0.23.1"
source = { registry = "https://pypi.org/simple" }
sdist = { url = "https://files.pythonhosted.org/packages/01/23/e001538062ece748d7ab1fcfbcd9fa766d85f60f0d5ae014a7caf4f07c70/tree-sitter-0.23.1.tar.gz", hash = "sha256:28fe02aff6676b203cbe4213ca7116db0aaac08d6ca4c0b1f1af038991631838", size = 165822 }
wheels = [
    { url = "https://files.pythonhosted.org/packages/53/b9/9b3f4d24d2678a7f5a02d45cec22c10334d8d5753b3201a9e998c857b6d1/tree_sitter-0.23.1-cp310-cp310-macosx_10_9_x86_64.whl", hash = "sha256:81ae139e032a0e1dd450affb8cc299e3d2e948614b970aad15e7704a532e8bcd", size = 137173 },
    { url = "https://files.pythonhosted.org/packages/30/ec/4048be36558c5a31499dc923355e33f04a461a3eb2264e930d428efec73e/tree_sitter-0.23.1-cp310-cp310-macosx_11_0_arm64.whl", hash = "sha256:82c2a873654ba771bbbff6067af090e36453fac0e4bfeff80dc3bd803d2a1dc8", size = 130498 },
    { url = "https://files.pythonhosted.org/packages/a2/d0/bfb2a7443674c32e95b81103d76c02d7ef9801b24f9fc6c80e6d90ec25fe/tree_sitter-0.23.1-cp310-cp310-manylinux_2_17_aarch64.manylinux2014_aarch64.whl", hash = "sha256:560ed2eb122b9cef12ec4b9f9eec555976ed75ce9347e95286c56e0ef2a66d8f", size = 546809 },
    { url = "https://files.pythonhosted.org/packages/42/b5/82f772fcc0fb38f488c81566abb041f645fc44c00f595189dcd96f10782b/tree_sitter-0.23.1-cp310-cp310-manylinux_2_17_x86_64.manylinux2014_x86_64.whl", hash = "sha256:7386b510c55cae43961532df8ddb8478b365b8cbc4486082bca0a6b0eb49d717", size = 560837 },
    { url = "https://files.pythonhosted.org/packages/06/a0/809ba2818b9e4a67435d618080da2cf362e848dbb5b9c5777cee7cc1bbaf/tree_sitter-0.23.1-cp310-cp310-musllinux_1_2_aarch64.whl", hash = "sha256:ade4f2c083286d50ecf79eb97d89a185e43e370a5b27f7c160080014ebb2aabe", size = 551282 },
    { url = "https://files.pythonhosted.org/packages/aa/38/7f73979903b3e5dbd6eca046a5b9965366f0f6ec6fd3a862e00e1f0da1ad/tree_sitter-0.23.1-cp310-cp310-musllinux_1_2_x86_64.whl", hash = "sha256:00555c016e5deae8befec12a01797fb06954435e48bfc707fc250c71c12d5780", size = 561137 },
    { url = "https://files.pythonhosted.org/packages/9d/89/c366ed62a2c3c1684b1aa1dcac5a0ec2f4a6772d91842dd016ea9acf7c79/tree_sitter-0.23.1-cp310-cp310-win_amd64.whl", hash = "sha256:75268cf478544ed2adb19aa85fed8832cd7c94792bd6010ac5919a86e0c1872b", size = 117161 },
    { url = "https://files.pythonhosted.org/packages/7f/c1/ae9e9154398d09aadd49bfcbd9147722be858b8ae8409c4451394d35df0f/tree_sitter-0.23.1-cp310-cp310-win_arm64.whl", hash = "sha256:92b9da86047bc0bba8571042f1f2e89d28968f840ad5bb431dc7bc412d06b634", size = 101746 },
    { url = "https://files.pythonhosted.org/packages/c4/8e/9a0fa47fdd1aea7ee0ed93dd504a0c6cc377c00d9951097260653ef0fe5a/tree_sitter-0.23.1-cp311-cp311-macosx_10_9_x86_64.whl", hash = "sha256:a7805207eebd4b877713708d3a684b1b619bdd9da794348a668be2e126aeb1e4", size = 136984 },
    { url = "https://files.pythonhosted.org/packages/6c/f2/e56280349740763ee8a4114c48d9de2ba688fc1bebfc0d3db3e83b2ef991/tree_sitter-0.23.1-cp311-cp311-macosx_11_0_arm64.whl", hash = "sha256:8a027435291336db0fd10ddcb6b38952c278533cb659500ac134fbd5edc8564d", size = 130366 },
    { url = "https://files.pythonhosted.org/packages/9c/72/d7ef26bea37239a739507e32381fea0071633771308f448b2d17ff9229ef/tree_sitter-0.23.1-cp311-cp311-manylinux_2_17_aarch64.manylinux2014_aarch64.whl", hash = "sha256:c95581fbd111a793cd2b12af261abd5f291a16b1e43a4abc3011d206c126bd19", size = 548038 },
    { url = "https://files.pythonhosted.org/packages/8c/94/eef80fdb8d137ef740508a0c6ae7c9a8af7e39a8d1cb666a75768605f6cb/tree_sitter-0.23.1-cp311-cp311-manylinux_2_17_x86_64.manylinux2014_x86_64.whl", hash = "sha256:2196816e80f8b280b2a2f9084329153175a95f229104a9f0e534efbe601d5a9f", size = 561937 },
    { url = "https://files.pythonhosted.org/packages/07/27/d629eab59dc65ce24fbf64b74cd0399c0bd2c42c856e8e93d52c87e9f500/tree_sitter-0.23.1-cp311-cp311-musllinux_1_2_aarch64.whl", hash = "sha256:b64bf264bc2381aaed97982e53dd7b2071e86c1e35be47aff80bbcdbd933434a", size = 552641 },
    { url = "https://files.pythonhosted.org/packages/07/73/6ad67affb0b769411387ef71033175044045e05cc79a8c5c252b48c5db98/tree_sitter-0.23.1-cp311-cp311-musllinux_1_2_x86_64.whl", hash = "sha256:5cfe4f4682f0d21298a685f22b4a539b513311cb4d7bf3e64c66f0fe6034db49", size = 562643 },
    { url = "https://files.pythonhosted.org/packages/39/75/8272ab2b02b7266c9518762482c4f0a99a02c068d53130fde864c04acaf4/tree_sitter-0.23.1-cp311-cp311-win_amd64.whl", hash = "sha256:080ffaf8df305925a7ea792bd9b9e71729ea85f3bf97d9a2efde4e44bad989a9", size = 117032 },
    { url = "https://files.pythonhosted.org/packages/6d/60/b2d42c6ef4c01b36e7215f7542ef56eb341452e327ae87567bb269bc3bd1/tree_sitter-0.23.1-cp311-cp311-win_arm64.whl", hash = "sha256:ac46271c93a811c56897fbe3bb2dfccdb487045ca0f26d38cb9ef4fdbeabedf2", size = 101673 },
    { url = "https://files.pythonhosted.org/packages/5d/69/6c257bc713e93303382e6d75c46ec940bcd7001b12fbb2deedec33a0b812/tree_sitter-0.23.1-cp312-cp312-macosx_10_13_x86_64.whl", hash = "sha256:af768b0c70b0ce53a725135c7f6e36745a964d4e2e8adb20bdc7211756a6aae6", size = 137144 },
    { url = "https://files.pythonhosted.org/packages/68/85/3169006cfce9fe99b271a370eb2a83daa0f64ac3d2d7afb4bd4cee1d8968/tree_sitter-0.23.1-cp312-cp312-macosx_11_0_arm64.whl", hash = "sha256:95bb56f5ff20fe6cfc9580dfa4497d3c9ee9dd37dbc683d3b853323c19acd130", size = 130093 },
    { url = "https://files.pythonhosted.org/packages/4a/54/e8c6404b79e4273c89a239c492941bddc6a4dc5dc3688f9d8f5d892b5b56/tree_sitter-0.23.1-cp312-cp312-manylinux_2_17_aarch64.manylinux2014_aarch64.whl", hash = "sha256:fdf0cbbb3d19ceedc7ce0a4bc3726ea835f673f491b4f630bdd22d3ce209fcfc", size = 550927 },
    { url = "https://files.pythonhosted.org/packages/91/79/6526dab6e86431880669f90481cddc45455de827ebf4ee5321a7d9901f2d/tree_sitter-0.23.1-cp312-cp312-manylinux_2_17_x86_64.manylinux2014_x86_64.whl", hash = "sha256:522742a786f3223cdb8ee272e648cbfcac3af4d0119f2e9de6626df7c8605a9d", size = 565220 },
    { url = "https://files.pythonhosted.org/packages/bf/17/eb0370b8e3d5a7b0619241bedf3380cb04567fdd0b823836cc85c163aa04/tree_sitter-0.23.1-cp312-cp312-musllinux_1_2_aarch64.whl", hash = "sha256:a03b166330c09dc2941b26f4f7819e3314e5a0f70e7a496e76ff5961953676b9", size = 555208 },
    { url = "https://files.pythonhosted.org/packages/da/63/4d4ef8a05f494f89f202b2502815921fe35f1668eb7e3ed14ebac415b525/tree_sitter-0.23.1-cp312-cp312-musllinux_1_2_x86_64.whl", hash = "sha256:0c8e09804455b5091cb0ec2e1a27e972ca26d65fbbbc74aa79f3f70f6075af51", size = 566986 },
    { url = "https://files.pythonhosted.org/packages/d6/8c/6e1147412d53262284680ced69bdef2622d0e19c9c53e4fd10f6cd9510e5/tree_sitter-0.23.1-cp312-cp312-win_amd64.whl", hash = "sha256:c50227ef6f8d8b1442c595f443b487c40a2445dac54db0d9a9a01df347c3e100", size = 117134 },
    { url = "https://files.pythonhosted.org/packages/df/a8/403c977f5dcddf3c7805ca0f4ade91b057c1a8d8f440d99c8a9cfa313857/tree_sitter-0.23.1-cp312-cp312-win_arm64.whl", hash = "sha256:c4caeba0abae929a1372092bbdf11c58fb008a931b52c2fe861b9fb98ebdc8d3", size = 101560 },
    { url = "https://files.pythonhosted.org/packages/8d/3c/ec04161f8947ee6a54c9a27d3d73142b0a215cbecdc1dbafd68d3c786dc4/tree_sitter-0.23.1-cp313-cp313-macosx_10_13_x86_64.whl", hash = "sha256:21c7c9cd3bf7a2aa9fcacf90538770f60c21f4f858b01057d47d48da3454a715", size = 137110 },
    { url = "https://files.pythonhosted.org/packages/72/d9/d64791e4741adefb7a015d2ecc9c827470b7ac811a5990477af466007cf0/tree_sitter-0.23.1-cp313-cp313-macosx_11_0_arm64.whl", hash = "sha256:aea3313e59c7b18b17b3ef673e52ca1513f2503a00e32a38fe3bcd47cbaa3449", size = 130081 },
    { url = "https://files.pythonhosted.org/packages/bb/bf/8b00564e2d35b768ef520b56adf8dacd18843a7848b70bfc5b27cfa73f6c/tree_sitter-0.23.1-cp313-cp313-manylinux_2_17_aarch64.manylinux2014_aarch64.whl", hash = "sha256:57c2db822c07703b819e3d1718c74a514c1688f8f28665bccb7f4fa23af81a42", size = 550668 },
    { url = "https://files.pythonhosted.org/packages/39/17/c67e342affc8400baafa55d1c48934db694643ebb611365974b220dccba0/tree_sitter-0.23.1-cp313-cp313-manylinux_2_17_x86_64.manylinux2014_x86_64.whl", hash = "sha256:99e32abf7e93ac093237f0e6fab19b479440080436fc79e417c918cebafa0a32", size = 565070 },
    { url = "https://files.pythonhosted.org/packages/03/73/3bf4df1fd36b7e01da52d6bdbac18fa1e583832c61a118ea1edc862c4e67/tree_sitter-0.23.1-cp313-cp313-musllinux_1_2_aarch64.whl", hash = "sha256:38a4e3861f6265c6ef1bb453c20cdab4c804f348edfd7c6e700100ed3e2780eb", size = 555396 },
    { url = "https://files.pythonhosted.org/packages/9f/9a/0fe22b3addc657b41e52f9d01dcb2d1357e00712dd5d13e2ca57b7a2e81c/tree_sitter-0.23.1-cp313-cp313-musllinux_1_2_x86_64.whl", hash = "sha256:8021920caac88a97f187bf46b2a6351e8dd48c8b2bb4387761f4dd2c9aef5c10", size = 567034 },
    { url = "https://files.pythonhosted.org/packages/09/e2/2a61e24029be8ed0de85b998725a82576410cd9bba800917880244dbf736/tree_sitter-0.23.1-cp313-cp313-win_amd64.whl", hash = "sha256:f9e87300aba168b8b4ef17cedc6500ac38e249ea46fe3f1daac47b550e231168", size = 117109 },
    { url = "https://files.pythonhosted.org/packages/bf/96/a358d1044bf00e6a9335070d2300a6b97762599b4521f2d61f855759e302/tree_sitter-0.23.1-cp313-cp313-win_arm64.whl", hash = "sha256:2553777da91764fed8aea431f63faf28b26618ce34a3f477316e1ed1dba5b667", size = 101560 },
    { url = "https://files.pythonhosted.org/packages/09/34/8ecefa14dcd86b64c1bcf66a352f12ec0c5f8576e6bf8cc13e097ac50515/tree_sitter-0.23.1-cp39-cp39-macosx_10_9_x86_64.whl", hash = "sha256:19c5cf5ea2ad1a34510dc1bcfa064e4e9ad1e097ba3af7d8bc95377669d28aed", size = 137458 },
    { url = "https://files.pythonhosted.org/packages/a3/a7/eaa50b390247751eb329eace0c67b8d15462a0ad237ac652dbd67440b1d8/tree_sitter-0.23.1-cp39-cp39-macosx_11_0_arm64.whl", hash = "sha256:5a7311a14f98c50836559ad9ba706397261d3a4e74a5c4c3cf6684ae00551899", size = 130787 },
    { url = "https://files.pythonhosted.org/packages/2d/07/695e450c74df55b7bcbd04d8d4316ea5dfe2710d1c31c011952b69808fe4/tree_sitter-0.23.1-cp39-cp39-manylinux_2_17_aarch64.manylinux2014_aarch64.whl", hash = "sha256:68474230c30bad92f8cdde4744b65b0e6266926b28101537a74355787458b076", size = 548467 },
    { url = "https://files.pythonhosted.org/packages/18/68/74f849ac246f61b68e31ff5921bdc0861484499d4c70065f68ba34976c7c/tree_sitter-0.23.1-cp39-cp39-manylinux_2_17_x86_64.manylinux2014_x86_64.whl", hash = "sha256:8240cfcf52575267ac9509ca199c012a0adcde61b431f17730f48a52aa95741f", size = 562530 },
    { url = "https://files.pythonhosted.org/packages/cc/3e/5dcc9957825d12b3269985beba0eeaeb9a8dec94b8f5240397e5491e9383/tree_sitter-0.23.1-cp39-cp39-musllinux_1_2_aarch64.whl", hash = "sha256:801845257c3718b01b4e1d58fd344cdc3f54d1b346b6754ad9f962e2401eec3b", size = 552937 },
    { url = "https://files.pythonhosted.org/packages/e3/0a/2cca0fbacce34e0dc10397ba431d720f4861916019d00f497c59f5e51c36/tree_sitter-0.23.1-cp39-cp39-musllinux_1_2_x86_64.whl", hash = "sha256:73efbec420083c368ccba9d3f153678fdc174e5765283c274ec1ca599c2a469d", size = 562996 },
    { url = "https://files.pythonhosted.org/packages/3c/48/ceaa6d22937316e079e2c1ec3593d1092ad8b886c6ebfdd292597b826e41/tree_sitter-0.23.1-cp39-cp39-win_amd64.whl", hash = "sha256:3fc7b3d9d9d5bf1a481adf0be3254c344543329458bfc33ea788a38180df3da5", size = 117521 },
    { url = "https://files.pythonhosted.org/packages/66/47/4ccd06ee7cfe54f54858d308dcb1984254340fc24147354bac0d2e23dac1/tree_sitter-0.23.1-cp39-cp39-win_arm64.whl", hash = "sha256:0dc96f9e012759a4bfb1037b728f2faed759e125892eb9183ad120b05e4b90ec", size = 101875 },
]

[[package]]
name = "tree-sitter-scala"
version = "0.23.2"
source = { editable = "." }

[package.optional-dependencies]
core = [
    { name = "tree-sitter" },
]

[package.metadata]
requires-dist = [{ name = "tree-sitter", marker = "extra == 'core'", specifier = "~=0.23" }]
